
Microsoft Visual Studio Solution File, Format Version 12.00
# Visual Studio 15
VisualStudioVersion = 15.0.28307.271
MinimumVisualStudioVersion = 10.0.40219.1
Project("{FAE04EC0-301F-11D3-BF4B-00C04F79EFBC}") = "DummyFileMaker", "DummyFileMaker\DummyFileMaker.csproj", "{2BD6BD0A-14E6-43D8-986F-BBAF02C0A688}"
EndProject
Global
	GlobalSection(SolutionConfigurationPlatforms) = preSolution
		Debug|Any CPU = Debug|Any CPU
		Release|Any CPU = Release|Any CPU
	EndGlobalSection
	GlobalSection(ProjectConfigurationPlatforms) = postSolution
		{2BD6BD0A-14E6-43D8-986F-BBAF02C0A688}.Debug|Any CPU.ActiveCfg = Debug|Any CPU
		{2BD6BD0A-14E6-43D8-986F-BBAF02C0A688}.Debug|Any CPU.Build.0 = Debug|Any CPU
		{2BD6BD0A-14E6-43D8-986F-BBAF02C0A688}.Release|Any CPU.ActiveCfg = Release|Any CPU
		{2BD6BD0A-14E6-43D8-986F-BBAF02C0A688}.Release|Any CPU.Build.0 = Release|Any CPU
	EndGlobalSection
	GlobalSection(SolutionProperties) = preSolution
		HideSolutionNode = FALSE
	EndGlobalSection
	GlobalSection(ExtensibilityGlobals) = postSolution
		SolutionGuid = {D9FA1C49-7138-49FD-811E-561A8E01D61E}
	EndGlobalSection
EndGlobal
